
Microsoft Visual Studio Solution File, Format Version 12.00
# Visual Studio Version 17
VisualStudioVersion = 17.3.32519.111
MinimumVisualStudioVersion = 10.0.40219.1
Project("{FAE04EC0-301F-11D3-BF4B-00C04F79EFBC}") = "StateManagement", "StateManagement\StateManagement.csproj", "{DF26EE55-D54B-45D9-9A26-E1B154B847ED}"
EndProject
Global
	GlobalSection(SolutionConfigurationPlatforms) = preSolution
		Debug|Any CPU = Debug|Any CPU
		Release|Any CPU = Release|Any CPU
	EndGlobalSection
	GlobalSection(ProjectConfigurationPlatforms) = postSolution
		{DF26EE55-D54B-45D9-9A26-E1B154B847ED}.Debug|Any CPU.ActiveCfg = Debug|Any CPU
		{DF26EE55-D54B-45D9-9A26-E1B154B847ED}.Debug|Any CPU.Build.0 = Debug|Any CPU
		{DF26EE55-D54B-45D9-9A26-E1B154B847ED}.Release|Any CPU.ActiveCfg = Release|Any CPU
		{DF26EE55-D54B-45D9-9A26-E1B154B847ED}.Release|Any CPU.Build.0 = Release|Any CPU
	EndGlobalSection
	GlobalSection(SolutionProperties) = preSolution
		HideSolutionNode = FALSE
	EndGlobalSection
	GlobalSection(ExtensibilityGlobals) = postSolution
		SolutionGuid = {038915F6-257D-4F44-B6AB-50B46F4F6F91}
	EndGlobalSection
EndGlobal
